
Microsoft Visual Studio Solution File, Format Version 12.00
# Visual Studio Version 17
VisualStudioVersion = 17.14.36401.2 d17.14
MinimumVisualStudioVersion = 10.0.40219.1
Project("{FAE04EC0-301F-11D3-BF4B-00C04F79EFBC}") = "SamriddhaNew", "SamriddhaNew.csproj", "{1EAB8833-CEAF-4574-9009-7D2BFB392F85}"
EndProject
Global
	GlobalSection(SolutionConfigurationPlatforms) = preSolution
		Debug|Any CPU = Debug|Any CPU
		Release|Any CPU = Release|Any CPU
	EndGlobalSection
	GlobalSection(ProjectConfigurationPlatforms) = postSolution
		{1EAB8833-CEAF-4574-9009-7D2BFB392F85}.Debug|Any CPU.ActiveCfg = Debug|Any CPU
		{1EAB8833-CEAF-4574-9009-7D2BFB392F85}.Debug|Any CPU.Build.0 = Debug|Any CPU
		{1EAB8833-CEAF-4574-9009-7D2BFB392F85}.Release|Any CPU.ActiveCfg = Release|Any CPU
		{1EAB8833-CEAF-4574-9009-7D2BFB392F85}.Release|Any CPU.Build.0 = Release|Any CPU
	EndGlobalSection
	GlobalSection(SolutionProperties) = preSolution
		HideSolutionNode = FALSE
	EndGlobalSection
	GlobalSection(ExtensibilityGlobals) = postSolution
		SolutionGuid = {CE78DCAF-CBB7-40B9-A7BB-C2723561C7ED}
	EndGlobalSection
EndGlobal
